// !$*UTF8*$!
{
	archiveVersion = 1;
	classes = {
	};
	objectVersion = 50;
	objects = {

/* Begin PBXBuildFile section */
		2704949723B451AB00B5D431 /* SSPopoverTableView.swift in Sources */ = {isa = PBXBuildFile; fileRef = 2704949623B451AB00B5D431 /* SSPopoverTableView.swift */; };
		2704949923B4531800B5D431 /* SSPopoverView.swift in Sources */ = {isa = PBXBuildFile; fileRef = 2704949823B4531800B5D431 /* SSPopoverView.swift */; };
		2704949F23B4611400B5D431 /* SSScanQRCodeController.swift in Sources */ = {isa = PBXBuildFile; fileRef = 2704949E23B4611400B5D431 /* SSScanQRCodeController.swift */; };
		270494A123B4615500B5D431 /* SSScanQRCodeView.swift in Sources */ = {isa = PBXBuildFile; fileRef = 270494A023B4615500B5D431 /* SSScanQRCodeView.swift */; };
		270494A323B461CE00B5D431 /* SSScanQRCodeHelperTool.swift in Sources */ = {isa = PBXBuildFile; fileRef = 270494A223B461CE00B5D431 /* SSScanQRCodeHelperTool.swift */; };
		270494A523B48D7500B5D431 /* scan.m4a in Resources */ = {isa = PBXBuildFile; fileRef = 270494A423B48D7400B5D431 /* scan.m4a */; };
		2718A84D23B5B6200002A156 /* CocoaAsyncSocket.framework in Frameworks */ = {isa = PBXBuildFile; fileRef = 2711F78123A8993000569DB9 /* CocoaAsyncSocket.framework */; };
		2718A84E23B5B6200002A156 /* CocoaAsyncSocket.framework in Embed Frameworks */ = {isa = PBXBuildFile; fileRef = 2711F78123A8993000569DB9 /* CocoaAsyncSocket.framework */; settings = {ATTRIBUTES = (CodeSignOnCopy, RemoveHeadersOnCopy, ); }; };
		2718A84F23B5B6200002A156 /* CocoaLumberjack.framework in Frameworks */ = {isa = PBXBuildFile; fileRef = 2711F78923A8993000569DB9 /* CocoaLumberjack.framework */; };
		2718A85023B5B6200002A156 /* CocoaLumberjack.framework in Embed Frameworks */ = {isa = PBXBuildFile; fileRef = 2711F78923A8993000569DB9 /* CocoaLumberjack.framework */; settings = {ATTRIBUTES = (CodeSignOnCopy, RemoveHeadersOnCopy, ); }; };
		2718A85123B5B6200002A156 /* CocoaLumberjackSwift.framework in Frameworks */ = {isa = PBXBuildFile; fileRef = 2711F78A23A8993000569DB9 /* CocoaLumberjackSwift.framework */; };
		2718A85223B5B6200002A156 /* CocoaLumberjackSwift.framework in Embed Frameworks */ = {isa = PBXBuildFile; fileRef = 2711F78A23A8993000569DB9 /* CocoaLumberjackSwift.framework */; settings = {ATTRIBUTES = (CodeSignOnCopy, RemoveHeadersOnCopy, ); }; };
		2718A85323B5B6200002A156 /* CommonCrypto.framework in Frameworks */ = {isa = PBXBuildFile; fileRef = 2711F78B23A8993000569DB9 /* CommonCrypto.framework */; };
		2718A85423B5B6210002A156 /* CommonCrypto.framework in Embed Frameworks */ = {isa = PBXBuildFile; fileRef = 2711F78B23A8993000569DB9 /* CommonCrypto.framework */; settings = {ATTRIBUTES = (CodeSignOnCopy, RemoveHeadersOnCopy, ); }; };
		2718A85523B5B6210002A156 /* Lottie.framework in Frameworks */ = {isa = PBXBuildFile; fileRef = 2738304A23B3511F003FAC10 /* Lottie.framework */; };
		2718A85623B5B6210002A156 /* Lottie.framework in Embed Frameworks */ = {isa = PBXBuildFile; fileRef = 2738304A23B3511F003FAC10 /* Lottie.framework */; settings = {ATTRIBUTES = (CodeSignOnCopy, RemoveHeadersOnCopy, ); }; };
		2718A85723B5B6210002A156 /* lwip.framework in Frameworks */ = {isa = PBXBuildFile; fileRef = 2711F78823A8993000569DB9 /* lwip.framework */; };
		2718A85823B5B6210002A156 /* lwip.framework in Embed Frameworks */ = {isa = PBXBuildFile; fileRef = 2711F78823A8993000569DB9 /* lwip.framework */; settings = {ATTRIBUTES = (CodeSignOnCopy, RemoveHeadersOnCopy, ); }; };
		2718A85923B5B6210002A156 /* MMDB.framework in Frameworks */ = {isa = PBXBuildFile; fileRef = 2711F78C23A8993100569DB9 /* MMDB.framework */; };
		2718A85A23B5B6210002A156 /* MMDB.framework in Embed Frameworks */ = {isa = PBXBuildFile; fileRef = 2711F78C23A8993100569DB9 /* MMDB.framework */; settings = {ATTRIBUTES = (CodeSignOnCopy, RemoveHeadersOnCopy, ); }; };
		2718A85B23B5B6210002A156 /* NEKit.framework in Frameworks */ = {isa = PBXBuildFile; fileRef = 2711F78523A8993000569DB9 /* NEKit.framework */; };
		2718A85C23B5B6210002A156 /* NEKit.framework in Embed Frameworks */ = {isa = PBXBuildFile; fileRef = 2711F78523A8993000569DB9 /* NEKit.framework */; settings = {ATTRIBUTES = (CodeSignOnCopy, RemoveHeadersOnCopy, ); }; };
		2718A85D23B5B6210002A156 /* Popover.framework in Frameworks */ = {isa = PBXBuildFile; fileRef = 2704949223B450FD00B5D431 /* Popover.framework */; };
		2718A85E23B5B6210002A156 /* Popover.framework in Embed Frameworks */ = {isa = PBXBuildFile; fileRef = 2704949223B450FD00B5D431 /* Popover.framework */; settings = {ATTRIBUTES = (CodeSignOnCopy, RemoveHeadersOnCopy, ); }; };
		2718A85F23B5B6210002A156 /* Resolver.framework in Frameworks */ = {isa = PBXBuildFile; fileRef = 2711F78323A8993000569DB9 /* Resolver.framework */; };
		2718A86023B5B6210002A156 /* Resolver.framework in Embed Frameworks */ = {isa = PBXBuildFile; fileRef = 2711F78323A8993000569DB9 /* Resolver.framework */; settings = {ATTRIBUTES = (CodeSignOnCopy, RemoveHeadersOnCopy, ); }; };
		2718A86123B5B6210002A156 /* Sodium.framework in Frameworks */ = {isa = PBXBuildFile; fileRef = 2711F78423A8993000569DB9 /* Sodium.framework */; };
		2718A86223B5B6210002A156 /* Sodium.framework in Embed Frameworks */ = {isa = PBXBuildFile; fileRef = 2711F78423A8993000569DB9 /* Sodium.framework */; settings = {ATTRIBUTES = (CodeSignOnCopy, RemoveHeadersOnCopy, ); }; };
		2718A86323B5B6210002A156 /* SwiftTimer.framework in Frameworks */ = {isa = PBXBuildFile; fileRef = 2738304D23B3512E003FAC10 /* SwiftTimer.framework */; };
		2718A86423B5B6210002A156 /* SwiftTimer.framework in Embed Frameworks */ = {isa = PBXBuildFile; fileRef = 2738304D23B3512E003FAC10 /* SwiftTimer.framework */; settings = {ATTRIBUTES = (CodeSignOnCopy, RemoveHeadersOnCopy, ); }; };
		2718A86523B5B6210002A156 /* TrafficPolice.framework in Frameworks */ = {isa = PBXBuildFile; fileRef = 2718A78123B5A9C20002A156 /* TrafficPolice.framework */; };
		2718A86623B5B6210002A156 /* TrafficPolice.framework in Embed Frameworks */ = {isa = PBXBuildFile; fileRef = 2718A78123B5A9C20002A156 /* TrafficPolice.framework */; settings = {ATTRIBUTES = (CodeSignOnCopy, RemoveHeadersOnCopy, ); }; };
		2718A86723B5B6210002A156 /* tun2socks.framework in Frameworks */ = {isa = PBXBuildFile; fileRef = 2711F78623A8993000569DB9 /* tun2socks.framework */; };
		2718A86823B5B6210002A156 /* tun2socks.framework in Embed Frameworks */ = {isa = PBXBuildFile; fileRef = 2711F78623A8993000569DB9 /* tun2socks.framework */; settings = {ATTRIBUTES = (CodeSignOnCopy, RemoveHeadersOnCopy, ); }; };
		2718A86923B5B6210002A156 /* Yaml.framework in Frameworks */ = {isa = PBXBuildFile; fileRef = 2711F78723A8993000569DB9 /* Yaml.framework */; };
		2718A86A23B5B6210002A156 /* Yaml.framework in Embed Frameworks */ = {isa = PBXBuildFile; fileRef = 2711F78723A8993000569DB9 /* Yaml.framework */; settings = {ATTRIBUTES = (CodeSignOnCopy, RemoveHeadersOnCopy, ); }; };
		271C8A1223A8BF1D008B7EAD /* SSAddRouteController.swift in Sources */ = {isa = PBXBuildFile; fileRef = 271C8A1123A8BF1D008B7EAD /* SSAddRouteController.swift */; };
		2730186A235ECC9B00E00181 /* TodayViewController.swift in Sources */ = {isa = PBXBuildFile; fileRef = 27301869235ECC9B00E00181 /* TodayViewController.swift */; };
		2730186D235ECC9B00E00181 /* MainInterface.storyboard in Resources */ = {isa = PBXBuildFile; fileRef = 2730186B235ECC9B00E00181 /* MainInterface.storyboard */; };
		27301871235ECC9B00E00181 /* Ladder.appex in Embed App Extensions */ = {isa = PBXBuildFile; fileRef = 27301865235ECC9B00E00181 /* Ladder.appex */; settings = {ATTRIBUTES = (CodeSignOnCopy, RemoveHeadersOnCopy, ); }; };
		27301877235ECF0900E00181 /* SSVPNManager.swift in Sources */ = {isa = PBXBuildFile; fileRef = 275E34A5235DAF3F00413056 /* SSVPNManager.swift */; };
		27301878235ED38800E00181 /* NEKitRule.conf in Resources */ = {isa = PBXBuildFile; fileRef = 275E34A7235E891A00413056 /* NEKitRule.conf */; };
		2750E93E23B58D890079E3B4 /* CocoaAsyncSocket.framework in Frameworks */ = {isa = PBXBuildFile; fileRef = 2711F78123A8993000569DB9 /* CocoaAsyncSocket.framework */; };
		2750E94023B58D890079E3B4 /* CocoaLumberjack.framework in Frameworks */ = {isa = PBXBuildFile; fileRef = 2711F78923A8993000569DB9 /* CocoaLumberjack.framework */; };
		2750E94223B58D890079E3B4 /* CocoaLumberjackSwift.framework in Frameworks */ = {isa = PBXBuildFile; fileRef = 2711F78A23A8993000569DB9 /* CocoaLumberjackSwift.framework */; };
		2750E94423B58D890079E3B4 /* CommonCrypto.framework in Frameworks */ = {isa = PBXBuildFile; fileRef = 2711F78B23A8993000569DB9 /* CommonCrypto.framework */; };
		2750E94623B58D890079E3B4 /* lwip.framework in Frameworks */ = {isa = PBXBuildFile; fileRef = 2711F78823A8993000569DB9 /* lwip.framework */; };
		2750E94823B58D890079E3B4 /* MMDB.framework in Frameworks */ = {isa = PBXBuildFile; fileRef = 2711F78C23A8993100569DB9 /* MMDB.framework */; };
		2750E94A23B58D890079E3B4 /* NEKit.framework in Frameworks */ = {isa = PBXBuildFile; fileRef = 2711F78523A8993000569DB9 /* NEKit.framework */; };
		2750E94C23B58D890079E3B4 /* Resolver.framework in Frameworks */ = {isa = PBXBuildFile; fileRef = 2711F78323A8993000569DB9 /* Resolver.framework */; };
		2750E94E23B58D890079E3B4 /* Sodium.framework in Frameworks */ = {isa = PBXBuildFile; fileRef = 2711F78423A8993000569DB9 /* Sodium.framework */; };
		2750E95023B58D890079E3B4 /* tun2socks.framework in Frameworks */ = {isa = PBXBuildFile; fileRef = 2711F78623A8993000569DB9 /* tun2socks.framework */; };
		2750E95223B58D890079E3B4 /* Yaml.framework in Frameworks */ = {isa = PBXBuildFile; fileRef = 2711F78723A8993000569DB9 /* Yaml.framework */; };
		275884F023B2050200CE6B0F /* SSEditRouteController.swift in Sources */ = {isa = PBXBuildFile; fileRef = 275884EF23B2050200CE6B0F /* SSEditRouteController.swift */; };
		275D64FC235EF0BB00C21081 /* Assest.xcassets in Resources */ = {isa = PBXBuildFile; fileRef = 275D64FB235EF0BB00C21081 /* Assest.xcassets */; };
		275D64FE235EF77C00C21081 /* animation.json in Resources */ = {isa = PBXBuildFile; fileRef = 275D64FD235EF77C00C21081 /* animation.json */; };
		275E3448235DA97600413056 /* AppDelegate.swift in Sources */ = {isa = PBXBuildFile; fileRef = 275E3447235DA97600413056 /* AppDelegate.swift */; };
		275E344A235DA97600413056 /* SceneDelegate.swift in Sources */ = {isa = PBXBuildFile; fileRef = 275E3449235DA97600413056 /* SceneDelegate.swift */; };
		275E344C235DA97600413056 /* ViewController.swift in Sources */ = {isa = PBXBuildFile; fileRef = 275E344B235DA97600413056 /* ViewController.swift */; };
		275E344F235DA97600413056 /* Main.storyboard in Resources */ = {isa = PBXBuildFile; fileRef = 275E344D235DA97600413056 /* Main.storyboard */; };
		275E3451235DA97900413056 /* Assets.xcassets in Resources */ = {isa = PBXBuildFile; fileRef = 275E3450235DA97900413056 /* Assets.xcassets */; };
		275E3454235DA97900413056 /* LaunchScreen.storyboard in Resources */ = {isa = PBXBuildFile; fileRef = 275E3452235DA97900413056 /* LaunchScreen.storyboard */; };
		275E3462235DA9EB00413056 /* PacketTunnelProvider.swift in Sources */ = {isa = PBXBuildFile; fileRef = 275E3461235DA9EB00413056 /* PacketTunnelProvider.swift */; };
		275E3467235DA9EB00413056 /* PacketTunnel.appex in Embed App Extensions */ = {isa = PBXBuildFile; fileRef = 275E345F235DA9EB00413056 /* PacketTunnel.appex */; settings = {ATTRIBUTES = (RemoveHeadersOnCopy, ); }; };
		275E34A6235DAF3F00413056 /* SSVPNManager.swift in Sources */ = {isa = PBXBuildFile; fileRef = 275E34A5235DAF3F00413056 /* SSVPNManager.swift */; };
		275E34A8235E891A00413056 /* NEKitRule.conf in Resources */ = {isa = PBXBuildFile; fileRef = 275E34A7235E891A00413056 /* NEKitRule.conf */; };
		2772DA5423B2F10E00F6FF8B /* NetworkExtension.framework in Frameworks */ = {isa = PBXBuildFile; fileRef = 275E346E235DAA4400413056 /* NetworkExtension.framework */; };
		2772DA5623B2F11000F6FF8B /* NotificationCenter.framework in Frameworks */ = {isa = PBXBuildFile; fileRef = 27301866235ECC9B00E00181 /* NotificationCenter.framework */; };
		2776741923B2005B003898AC /* SSRouteModel.swift in Sources */ = {isa = PBXBuildFile; fileRef = 27A8046C23A8CF7300DE6FED /* SSRouteModel.swift */; };
		2788D18023A9B0A700AF2091 /* SSRouteCell.swift in Sources */ = {isa = PBXBuildFile; fileRef = 2788D17E23A9B0A700AF2091 /* SSRouteCell.swift */; };
		2788D18123A9B0A700AF2091 /* SSRouteCell.xib in Resources */ = {isa = PBXBuildFile; fileRef = 2788D17F23A9B0A700AF2091 /* SSRouteCell.xib */; };
		279CDE5D23A8B7DF005C68EC /* SSRouteListController.swift in Sources */ = {isa = PBXBuildFile; fileRef = 279CDE5C23A8B7DF005C68EC /* SSRouteListController.swift */; };
		279E01B023A8C28100C7FF3C /* CustomNavigationController.swift in Sources */ = {isa = PBXBuildFile; fileRef = 279E01AF23A8C28100C7FF3C /* CustomNavigationController.swift */; };
		279E01B223A8C88700C7FF3C /* EncryptionType.plist in Resources */ = {isa = PBXBuildFile; fileRef = 279E01B123A8C88700C7FF3C /* EncryptionType.plist */; };
		279E01B423A8C8F100C7FF3C /* SSChooseEncryptionTypeController.swift in Sources */ = {isa = PBXBuildFile; fileRef = 279E01B323A8C8F100C7FF3C /* SSChooseEncryptionTypeController.swift */; };
		279E01B723A8C97E00C7FF3C /* SSEncryptionTypeModel.swift in Sources */ = {isa = PBXBuildFile; fileRef = 279E01B623A8C97E00C7FF3C /* SSEncryptionTypeModel.swift */; };
		27A8046D23A8CF7300DE6FED /* SSRouteModel.swift in Sources */ = {isa = PBXBuildFile; fileRef = 27A8046C23A8CF7300DE6FED /* SSRouteModel.swift */; };
		27A8047023A8D08300DE6FED /* SSEncryptionTypeCell.swift in Sources */ = {isa = PBXBuildFile; fileRef = 27A8046E23A8D08300DE6FED /* SSEncryptionTypeCell.swift */; };
		27A8047123A8D08300DE6FED /* SSEncryptionTypeCell.xib in Resources */ = {isa = PBXBuildFile; fileRef = 27A8046F23A8D08300DE6FED /* SSEncryptionTypeCell.xib */; };
		27D4AA6323B2F1C1005345F9 /* NetworkExtension.framework in Frameworks */ = {isa = PBXBuildFile; fileRef = 275E346E235DAA4400413056 /* NetworkExtension.framework */; };
/* End PBXBuildFile section */

/* Begin PBXContainerItemProxy section */
		2730186F235ECC9B00E00181 /* PBXContainerItemProxy */ = {
			isa = PBXContainerItemProxy;
			containerPortal = 275E343C235DA97600413056 /* Project object */;
			proxyType = 1;
			remoteGlobalIDString = 27301864235ECC9B00E00181;
			remoteInfo = SSWidget;
		};
		275E3465235DA9EB00413056 /* PBXContainerItemProxy */ = {
			isa = PBXContainerItemProxy;
			containerPortal = 275E343C235DA97600413056 /* Project object */;
			proxyType = 1;
			remoteGlobalIDString = 275E345E235DA9EB00413056;
			remoteInfo = PacketTunnel;
		};
/* End PBXContainerItemProxy section */

/* Begin PBXCopyFilesBuildPhase section */
		2718A86B23B5B6210002A156 /* Embed Frameworks */ = {
			isa = PBXCopyFilesBuildPhase;
			buildActionMask = 2147483647;
			dstPath = "";
			dstSubfolderSpec = 10;
			files = (
				2718A85823B5B6210002A156 /* lwip.framework in Embed Frameworks */,
				2718A86823B5B6210002A156 /* tun2socks.framework in Embed Frameworks */,
				2718A85423B5B6210002A156 /* CommonCrypto.framework in Embed Frameworks */,
				2718A85623B5B6210002A156 /* Lottie.framework in Embed Frameworks */,
				2718A85023B5B6200002A156 /* CocoaLumberjack.framework in Embed Frameworks */,
				2718A86A23B5B6210002A156 /* Yaml.framework in Embed Frameworks */,
				2718A84E23B5B6200002A156 /* CocoaAsyncSocket.framework in Embed Frameworks */,
				2718A85E23B5B6210002A156 /* Popover.framework in Embed Frameworks */,
				2718A86423B5B6210002A156 /* SwiftTimer.framework in Embed Frameworks */,
				2718A85223B5B6200002A156 /* CocoaLumberjackSwift.framework in Embed Frameworks */,
				2718A85C23B5B6210002A156 /* NEKit.framework in Embed Frameworks */,
				2718A86223B5B6210002A156 /* Sodium.framework in Embed Frameworks */,
				2718A86023B5B6210002A156 /* Resolver.framework in Embed Frameworks */,
				2718A86623B5B6210002A156 /* TrafficPolice.framework in Embed Frameworks */,
				2718A85A23B5B6210002A156 /* MMDB.framework in Embed Frameworks */,
			);
			name = "Embed Frameworks";
			runOnlyForDeploymentPostprocessing = 0;
		};
		275E346B235DA9EB00413056 /* Embed App Extensions */ = {
			isa = PBXCopyFilesBuildPhase;
			buildActionMask = 2147483647;
			dstPath = "";
			dstSubfolderSpec = 13;
			files = (
				27301871235ECC9B00E00181 /* Ladder.appex in Embed App Extensions */,
				275E3467235DA9EB00413056 /* PacketTunnel.appex in Embed App Extensions */,
			);
			name = "Embed App Extensions";
			runOnlyForDeploymentPostprocessing = 0;
		};
/* End PBXCopyFilesBuildPhase section */

/* Begin PBXFileReference section */
		2704949223B450FD00B5D431 /* Popover.framework */ = {isa = PBXFileReference; lastKnownFileType = wrapper.framework; name = Popover.framework; path = Carthage/Build/iOS/Popover.framework; sourceTree = "<group>"; };
		2704949623B451AB00B5D431 /* SSPopoverTableView.swift */ = {isa = PBXFileReference; lastKnownFileType = sourcecode.swift; path = SSPopoverTableView.swift; sourceTree = "<group>"; };
		2704949823B4531800B5D431 /* SSPopoverView.swift */ = {isa = PBXFileReference; lastKnownFileType = sourcecode.swift; path = SSPopoverView.swift; sourceTree = "<group>"; };
		2704949E23B4611400B5D431 /* SSScanQRCodeController.swift */ = {isa = PBXFileReference; lastKnownFileType = sourcecode.swift; path = SSScanQRCodeController.swift; sourceTree = "<group>"; };
		270494A023B4615500B5D431 /* SSScanQRCodeView.swift */ = {isa = PBXFileReference; lastKnownFileType = sourcecode.swift; path = SSScanQRCodeView.swift; sourceTree = "<group>"; };
		270494A223B461CE00B5D431 /* SSScanQRCodeHelperTool.swift */ = {isa = PBXFileReference; lastKnownFileType = sourcecode.swift; path = SSScanQRCodeHelperTool.swift; sourceTree = "<group>"; };
		270494A423B48D7400B5D431 /* scan.m4a */ = {isa = PBXFileReference; lastKnownFileType = file; path = scan.m4a; sourceTree = "<group>"; };
		2711F78123A8993000569DB9 /* CocoaAsyncSocket.framework */ = {isa = PBXFileReference; lastKnownFileType = wrapper.framework; name = CocoaAsyncSocket.framework; path = Carthage/Build/iOS/CocoaAsyncSocket.framework; sourceTree = "<group>"; };
		2711F78323A8993000569DB9 /* Resolver.framework */ = {isa = PBXFileReference; lastKnownFileType = wrapper.framework; name = Resolver.framework; path = Carthage/Build/iOS/Resolver.framework; sourceTree = "<group>"; };
		2711F78423A8993000569DB9 /* Sodium.framework */ = {isa = PBXFileReference; lastKnownFileType = wrapper.framework; name = Sodium.framework; path = Carthage/Build/iOS/Sodium.framework; sourceTree = "<group>"; };
		2711F78523A8993000569DB9 /* NEKit.framework */ = {isa = PBXFileReference; lastKnownFileType = wrapper.framework; name = NEKit.framework; path = Carthage/Build/iOS/NEKit.framework; sourceTree = "<group>"; };
		2711F78623A8993000569DB9 /* tun2socks.framework */ = {isa = PBXFileReference; lastKnownFileType = wrapper.framework; name = tun2socks.framework; path = Carthage/Build/iOS/tun2socks.framework; sourceTree = "<group>"; };
		2711F78723A8993000569DB9 /* Yaml.framework */ = {isa = PBXFileReference; lastKnownFileType = wrapper.framework; name = Yaml.framework; path = Carthage/Build/iOS/Yaml.framework; sourceTree = "<group>"; };
		2711F78823A8993000569DB9 /* lwip.framework */ = {isa = PBXFileReference; lastKnownFileType = wrapper.framework; name = lwip.framework; path = Carthage/Build/iOS/lwip.framework; sourceTree = "<group>"; };
		2711F78923A8993000569DB9 /* CocoaLumberjack.framework */ = {isa = PBXFileReference; lastKnownFileType = wrapper.framework; name = CocoaLumberjack.framework; path = Carthage/Build/iOS/CocoaLumberjack.framework; sourceTree = "<group>"; };
		2711F78A23A8993000569DB9 /* CocoaLumberjackSwift.framework */ = {isa = PBXFileReference; lastKnownFileType = wrapper.framework; name = CocoaLumberjackSwift.framework; path = Carthage/Build/iOS/CocoaLumberjackSwift.framework; sourceTree = "<group>"; };
		2711F78B23A8993000569DB9 /* CommonCrypto.framework */ = {isa = PBXFileReference; lastKnownFileType = wrapper.framework; name = CommonCrypto.framework; path = Carthage/Build/iOS/CommonCrypto.framework; sourceTree = "<group>"; };
		2711F78C23A8993100569DB9 /* MMDB.framework */ = {isa = PBXFileReference; lastKnownFileType = wrapper.framework; name = MMDB.framework; path = Carthage/Build/iOS/MMDB.framework; sourceTree = "<group>"; };
		2718A78123B5A9C20002A156 /* TrafficPolice.framework */ = {isa = PBXFileReference; lastKnownFileType = wrapper.framework; name = TrafficPolice.framework; path = Carthage/Build/iOS/TrafficPolice.framework; sourceTree = "<group>"; };
		271C8A1123A8BF1D008B7EAD /* SSAddRouteController.swift */ = {isa = PBXFileReference; lastKnownFileType = sourcecode.swift; path = SSAddRouteController.swift; sourceTree = "<group>"; };
		27301865235ECC9B00E00181 /* Ladder.appex */ = {isa = PBXFileReference; explicitFileType = "wrapper.app-extension"; includeInIndex = 0; path = Ladder.appex; sourceTree = BUILT_PRODUCTS_DIR; };
		27301866235ECC9B00E00181 /* NotificationCenter.framework */ = {isa = PBXFileReference; lastKnownFileType = wrapper.framework; name = NotificationCenter.framework; path = System/Library/Frameworks/NotificationCenter.framework; sourceTree = SDKROOT; };
		27301869235ECC9B00E00181 /* TodayViewController.swift */ = {isa = PBXFileReference; lastKnownFileType = sourcecode.swift; path = TodayViewController.swift; sourceTree = "<group>"; };
		2730186C235ECC9B00E00181 /* Base */ = {isa = PBXFileReference; lastKnownFileType = file.storyboard; name = Base; path = Base.lproj/MainInterface.storyboard; sourceTree = "<group>"; };
		2730186E235ECC9B00E00181 /* Info.plist */ = {isa = PBXFileReference; lastKnownFileType = text.plist.xml; path = Info.plist; sourceTree = "<group>"; };
		2738304A23B3511F003FAC10 /* Lottie.framework */ = {isa = PBXFileReference; lastKnownFileType = wrapper.framework; name = Lottie.framework; path = Carthage/Build/iOS/Lottie.framework; sourceTree = "<group>"; };
		2738304D23B3512E003FAC10 /* SwiftTimer.framework */ = {isa = PBXFileReference; lastKnownFileType = wrapper.framework; name = SwiftTimer.framework; path = Carthage/Build/iOS/SwiftTimer.framework; sourceTree = "<group>"; };
		275884EF23B2050200CE6B0F /* SSEditRouteController.swift */ = {isa = PBXFileReference; lastKnownFileType = sourcecode.swift; path = SSEditRouteController.swift; sourceTree = "<group>"; };
		275D64FB235EF0BB00C21081 /* Assest.xcassets */ = {isa = PBXFileReference; lastKnownFileType = folder.assetcatalog; path = Assest.xcassets; sourceTree = "<group>"; };
		275D64FD235EF77C00C21081 /* animation.json */ = {isa = PBXFileReference; fileEncoding = 4; lastKnownFileType = text.json; path = animation.json; sourceTree = "<group>"; };
		275E3444235DA97600413056 /* SSFree.app */ = {isa = PBXFileReference; explicitFileType = wrapper.application; includeInIndex = 0; path = SSFree.app; sourceTree = BUILT_PRODUCTS_DIR; };
		275E3447235DA97600413056 /* AppDelegate.swift */ = {isa = PBXFileReference; lastKnownFileType = sourcecode.swift; path = AppDelegate.swift; sourceTree = "<group>"; };
		275E3449235DA97600413056 /* SceneDelegate.swift */ = {isa = PBXFileReference; lastKnownFileType = sourcecode.swift; path = SceneDelegate.swift; sourceTree = "<group>"; };
		275E344B235DA97600413056 /* ViewController.swift */ = {isa = PBXFileReference; lastKnownFileType = sourcecode.swift; path = ViewController.swift; sourceTree = "<group>"; };
		275E344E235DA97600413056 /* Base */ = {isa = PBXFileReference; lastKnownFileType = file.storyboard; name = Base; path = Base.lproj/Main.storyboard; sourceTree = "<group>"; };
		275E3450235DA97900413056 /* Assets.xcassets */ = {isa = PBXFileReference; lastKnownFileType = folder.assetcatalog; path = Assets.xcassets; sourceTree = "<group>"; };
		275E3453235DA97900413056 /* Base */ = {isa = PBXFileReference; lastKnownFileType = file.storyboard; name = Base; path = Base.lproj/LaunchScreen.storyboard; sourceTree = "<group>"; };
		275E345F235DA9EB00413056 /* PacketTunnel.appex */ = {isa = PBXFileReference; explicitFileType = "wrapper.app-extension"; includeInIndex = 0; path = PacketTunnel.appex; sourceTree = BUILT_PRODUCTS_DIR; };
		275E3461235DA9EB00413056 /* PacketTunnelProvider.swift */ = {isa = PBXFileReference; lastKnownFileType = sourcecode.swift; path = PacketTunnelProvider.swift; sourceTree = "<group>"; };
		275E3463235DA9EB00413056 /* Info.plist */ = {isa = PBXFileReference; lastKnownFileType = text.plist.xml; path = Info.plist; sourceTree = "<group>"; };
		275E346E235DAA4400413056 /* NetworkExtension.framework */ = {isa = PBXFileReference; lastKnownFileType = wrapper.framework; name = NetworkExtension.framework; path = System/Library/Frameworks/NetworkExtension.framework; sourceTree = SDKROOT; };
		275E34A5235DAF3F00413056 /* SSVPNManager.swift */ = {isa = PBXFileReference; lastKnownFileType = sourcecode.swift; path = SSVPNManager.swift; sourceTree = "<group>"; };
		275E34A7235E891A00413056 /* NEKitRule.conf */ = {isa = PBXFileReference; fileEncoding = 4; lastKnownFileType = text; path = NEKitRule.conf; sourceTree = "<group>"; };
		2772440723B2E81F00C53A51 /* PgyUpdate.framework */ = {isa = PBXFileReference; lastKnownFileType = wrapper.framework; name = PgyUpdate.framework; path = ../../Downloads/PgySDK/sdk/PgyUpdate.framework; sourceTree = "<group>"; };
		2772440823B2E81F00C53A51 /* PgySDK.framework */ = {isa = PBXFileReference; lastKnownFileType = wrapper.framework; name = PgySDK.framework; path = ../../Downloads/PgySDK/sdk/PgySDK.framework; sourceTree = "<group>"; };
		2788D17E23A9B0A700AF2091 /* SSRouteCell.swift */ = {isa = PBXFileReference; lastKnownFileType = sourcecode.swift; path = SSRouteCell.swift; sourceTree = "<group>"; };
		2788D17F23A9B0A700AF2091 /* SSRouteCell.xib */ = {isa = PBXFileReference; lastKnownFileType = file.xib; path = SSRouteCell.xib; sourceTree = "<group>"; };
		279CDE5C23A8B7DF005C68EC /* SSRouteListController.swift */ = {isa = PBXFileReference; lastKnownFileType = sourcecode.swift; path = SSRouteListController.swift; sourceTree = "<group>"; };
		279E01AF23A8C28100C7FF3C /* CustomNavigationController.swift */ = {isa = PBXFileReference; lastKnownFileType = sourcecode.swift; path = CustomNavigationController.swift; sourceTree = "<group>"; };
		279E01B123A8C88700C7FF3C /* EncryptionType.plist */ = {isa = PBXFileReference; lastKnownFileType = text.plist.xml; path = EncryptionType.plist; sourceTree = "<group>"; };
		279E01B323A8C8F100C7FF3C /* SSChooseEncryptionTypeController.swift */ = {isa = PBXFileReference; lastKnownFileType = sourcecode.swift; path = SSChooseEncryptionTypeController.swift; sourceTree = "<group>"; };
		279E01B623A8C97E00C7FF3C /* SSEncryptionTypeModel.swift */ = {isa = PBXFileReference; lastKnownFileType = sourcecode.swift; path = SSEncryptionTypeModel.swift; sourceTree = "<group>"; };
		27A5127923B2F41000C028F5 /* Info.plist */ = {isa = PBXFileReference; fileEncoding = 4; lastKnownFileType = text.plist.xml; path = Info.plist; sourceTree = "<group>"; };
		27A8046C23A8CF7300DE6FED /* SSRouteModel.swift */ = {isa = PBXFileReference; lastKnownFileType = sourcecode.swift; path = SSRouteModel.swift; sourceTree = "<group>"; };
		27A8046E23A8D08300DE6FED /* SSEncryptionTypeCell.swift */ = {isa = PBXFileReference; lastKnownFileType = sourcecode.swift; path = SSEncryptionTypeCell.swift; sourceTree = "<group>"; };
		27A8046F23A8D08300DE6FED /* SSEncryptionTypeCell.xib */ = {isa = PBXFileReference; lastKnownFileType = file.xib; path = SSEncryptionTypeCell.xib; sourceTree = "<group>"; };
/* End PBXFileReference section */

/* Begin PBXFrameworksBuildPhase section */
		27301862235ECC9B00E00181 /* Frameworks */ = {
			isa = PBXFrameworksBuildPhase;
			buildActionMask = 2147483647;
			files = (
				2772DA5623B2F11000F6FF8B /* NotificationCenter.framework in Frameworks */,
				2772DA5423B2F10E00F6FF8B /* NetworkExtension.framework in Frameworks */,
			);
			runOnlyForDeploymentPostprocessing = 0;
		};
		275E3441235DA97600413056 /* Frameworks */ = {
			isa = PBXFrameworksBuildPhase;
			buildActionMask = 2147483647;
			files = (
				2718A85723B5B6210002A156 /* lwip.framework in Frameworks */,
				2718A86723B5B6210002A156 /* tun2socks.framework in Frameworks */,
				2718A85323B5B6200002A156 /* CommonCrypto.framework in Frameworks */,
				2718A85523B5B6210002A156 /* Lottie.framework in Frameworks */,
				2718A84F23B5B6200002A156 /* CocoaLumberjack.framework in Frameworks */,
				2718A86923B5B6210002A156 /* Yaml.framework in Frameworks */,
				2718A84D23B5B6200002A156 /* CocoaAsyncSocket.framework in Frameworks */,
				2718A85D23B5B6210002A156 /* Popover.framework in Frameworks */,
				2718A86323B5B6210002A156 /* SwiftTimer.framework in Frameworks */,
				2718A85123B5B6200002A156 /* CocoaLumberjackSwift.framework in Frameworks */,
				2718A85B23B5B6210002A156 /* NEKit.framework in Frameworks */,
				2718A86123B5B6210002A156 /* Sodium.framework in Frameworks */,
				2718A85F23B5B6210002A156 /* Resolver.framework in Frameworks */,
				2718A86523B5B6210002A156 /* TrafficPolice.framework in Frameworks */,
				2718A85923B5B6210002A156 /* MMDB.framework in Frameworks */,
			);
			runOnlyForDeploymentPostprocessing = 0;
		};
		275E345C235DA9EB00413056 /* Frameworks */ = {
			isa = PBXFrameworksBuildPhase;
			buildActionMask = 2147483647;
			files = (
				27D4AA6323B2F1C1005345F9 /* NetworkExtension.framework in Frameworks */,
				2750E94E23B58D890079E3B4 /* Sodium.framework in Frameworks */,
				2750E94423B58D890079E3B4 /* CommonCrypto.framework in Frameworks */,
				2750E94623B58D890079E3B4 /* lwip.framework in Frameworks */,
				2750E93E23B58D890079E3B4 /* CocoaAsyncSocket.framework in Frameworks */,
				2750E95223B58D890079E3B4 /* Yaml.framework in Frameworks */,
				2750E94223B58D890079E3B4 /* CocoaLumberjackSwift.framework in Frameworks */,
				2750E95023B58D890079E3B4 /* tun2socks.framework in Frameworks */,
				2750E94C23B58D890079E3B4 /* Resolver.framework in Frameworks */,
				2750E94823B58D890079E3B4 /* MMDB.framework in Frameworks */,
				2750E94A23B58D890079E3B4 /* NEKit.framework in Frameworks */,
				2750E94023B58D890079E3B4 /* CocoaLumberjack.framework in Frameworks */,
			);
			runOnlyForDeploymentPostprocessing = 0;
		};
/* End PBXFrameworksBuildPhase section */

/* Begin PBXGroup section */
		2704949523B4518F00B5D431 /* View */ = {
			isa = PBXGroup;
			children = (
				2704949623B451AB00B5D431 /* SSPopoverTableView.swift */,
				2704949823B4531800B5D431 /* SSPopoverView.swift */,
				270494A023B4615500B5D431 /* SSScanQRCodeView.swift */,
				270494A223B461CE00B5D431 /* SSScanQRCodeHelperTool.swift */,
			);
			path = View;
			sourceTree = "<group>";
		};
		270494A623B4AF9F00B5D431 /* Resource */ = {
			isa = PBXGroup;
			children = (
				275E34A7235E891A00413056 /* NEKitRule.conf */,
				275D64FD235EF77C00C21081 /* animation.json */,
				270494A423B48D7400B5D431 /* scan.m4a */,
				279E01B123A8C88700C7FF3C /* EncryptionType.plist */,
			);
			path = Resource;
			sourceTree = "<group>";
		};
		270494A723B4AFAB00B5D431 /* Tool */ = {
			isa = PBXGroup;
			children = (
				275E34A5235DAF3F00413056 /* SSVPNManager.swift */,
			);
			path = Tool;
			sourceTree = "<group>";
		};
		27301868235ECC9B00E00181 /* SSWidget */ = {
			isa = PBXGroup;
			children = (
				27301869235ECC9B00E00181 /* TodayViewController.swift */,
				2730186B235ECC9B00E00181 /* MainInterface.storyboard */,
				2730186E235ECC9B00E00181 /* Info.plist */,
				275D64FB235EF0BB00C21081 /* Assest.xcassets */,
			);
			path = SSWidget;
			sourceTree = "<group>";
		};
		275E343B235DA97600413056 = {
			isa = PBXGroup;
			children = (
				275E3446235DA97600413056 /* SSFree */,
				275E3460235DA9EB00413056 /* PacketTunnel */,
				27301868235ECC9B00E00181 /* SSWidget */,
				275E3445235DA97600413056 /* Products */,
				275E346D235DAA4400413056 /* Frameworks */,
			);
			sourceTree = "<group>";
		};
		275E3445235DA97600413056 /* Products */ = {
			isa = PBXGroup;
			children = (
				275E3444235DA97600413056 /* SSFree.app */,
				275E345F235DA9EB00413056 /* PacketTunnel.appex */,
				27301865235ECC9B00E00181 /* Ladder.appex */,
			);
			name = Products;
			sourceTree = "<group>";
		};
		275E3446235DA97600413056 /* SSFree */ = {
			isa = PBXGroup;
			children = (
				270494A723B4AFAB00B5D431 /* Tool */,
				270494A623B4AF9F00B5D431 /* Resource */,
				2704949523B4518F00B5D431 /* View */,
				277673AE23B1F7EB003898AC /* Cell */,
				277673AD23B1F7DB003898AC /* Controller */,
				279E01B523A8C96600C7FF3C /* Model */,
				275E3447235DA97600413056 /* AppDelegate.swift */,
				275E3449235DA97600413056 /* SceneDelegate.swift */,
				275E344D235DA97600413056 /* Main.storyboard */,
				275E3450235DA97900413056 /* Assets.xcassets */,
				275E3452235DA97900413056 /* LaunchScreen.storyboard */,
				27A5127923B2F41000C028F5 /* Info.plist */,
			);
			path = SSFree;
			sourceTree = "<group>";
		};
		275E3460235DA9EB00413056 /* PacketTunnel */ = {
			isa = PBXGroup;
			children = (
				275E3461235DA9EB00413056 /* PacketTunnelProvider.swift */,
				275E3463235DA9EB00413056 /* Info.plist */,
			);
			path = PacketTunnel;
			sourceTree = "<group>";
		};
		275E346D235DAA4400413056 /* Frameworks */ = {
			isa = PBXGroup;
			children = (
				2718A78123B5A9C20002A156 /* TrafficPolice.framework */,
				2704949223B450FD00B5D431 /* Popover.framework */,
				2738304D23B3512E003FAC10 /* SwiftTimer.framework */,
				2738304A23B3511F003FAC10 /* Lottie.framework */,
				2772440823B2E81F00C53A51 /* PgySDK.framework */,
				2772440723B2E81F00C53A51 /* PgyUpdate.framework */,
				2711F78123A8993000569DB9 /* CocoaAsyncSocket.framework */,
				2711F78923A8993000569DB9 /* CocoaLumberjack.framework */,
				2711F78A23A8993000569DB9 /* CocoaLumberjackSwift.framework */,
				2711F78B23A8993000569DB9 /* CommonCrypto.framework */,
				2711F78823A8993000569DB9 /* lwip.framework */,
				2711F78C23A8993100569DB9 /* MMDB.framework */,
				2711F78523A8993000569DB9 /* NEKit.framework */,
				2711F78323A8993000569DB9 /* Resolver.framework */,
				2711F78423A8993000569DB9 /* Sodium.framework */,
				2711F78623A8993000569DB9 /* tun2socks.framework */,
				2711F78723A8993000569DB9 /* Yaml.framework */,
				275E346E235DAA4400413056 /* NetworkExtension.framework */,
				27301866235ECC9B00E00181 /* NotificationCenter.framework */,
			);
			name = Frameworks;
			sourceTree = "<group>";
		};
		277673AD23B1F7DB003898AC /* Controller */ = {
			isa = PBXGroup;
			children = (
				279E01AF23A8C28100C7FF3C /* CustomNavigationController.swift */,
				275E344B235DA97600413056 /* ViewController.swift */,
				279CDE5C23A8B7DF005C68EC /* SSRouteListController.swift */,
				271C8A1123A8BF1D008B7EAD /* SSAddRouteController.swift */,
				279E01B323A8C8F100C7FF3C /* SSChooseEncryptionTypeController.swift */,
				275884EF23B2050200CE6B0F /* SSEditRouteController.swift */,
				2704949E23B4611400B5D431 /* SSScanQRCodeController.swift */,
			);
			path = Controller;
			sourceTree = "<group>";
		};
		277673AE23B1F7EB003898AC /* Cell */ = {
			isa = PBXGroup;
			children = (
				2788D17E23A9B0A700AF2091 /* SSRouteCell.swift */,
				2788D17F23A9B0A700AF2091 /* SSRouteCell.xib */,
				27A8046E23A8D08300DE6FED /* SSEncryptionTypeCell.swift */,
				27A8046F23A8D08300DE6FED /* SSEncryptionTypeCell.xib */,
			);
			path = Cell;
			sourceTree = "<group>";
		};
		279E01B523A8C96600C7FF3C /* Model */ = {
			isa = PBXGroup;
			children = (
				279E01B623A8C97E00C7FF3C /* SSEncryptionTypeModel.swift */,
				27A8046C23A8CF7300DE6FED /* SSRouteModel.swift */,
			);
			path = Model;
			sourceTree = "<group>";
		};
/* End PBXGroup section */

/* Begin PBXNativeTarget section */
		27301864235ECC9B00E00181 /* SSWidget */ = {
			isa = PBXNativeTarget;
			buildConfigurationList = 27301872235ECC9B00E00181 /* Build configuration list for PBXNativeTarget "SSWidget" */;
			buildPhases = (
				27301861235ECC9B00E00181 /* Sources */,
				27301862235ECC9B00E00181 /* Frameworks */,
				27301863235ECC9B00E00181 /* Resources */,
			);
			buildRules = (
			);
			dependencies = (
			);
			name = SSWidget;
			productName = SSWidget;
			productReference = 27301865235ECC9B00E00181 /* Ladder.appex */;
			productType = "com.apple.product-type.app-extension";
		};
		275E3443235DA97600413056 /* SSFree */ = {
			isa = PBXNativeTarget;
			buildConfigurationList = 275E3458235DA97900413056 /* Build configuration list for PBXNativeTarget "SSFree" */;
			buildPhases = (
				275E3440235DA97600413056 /* Sources */,
				275E3441235DA97600413056 /* Frameworks */,
				275E3442235DA97600413056 /* Resources */,
				275E346B235DA9EB00413056 /* Embed App Extensions */,
				2718A86B23B5B6210002A156 /* Embed Frameworks */,
			);
			buildRules = (
			);
			dependencies = (
				275E3466235DA9EB00413056 /* PBXTargetDependency */,
				27301870235ECC9B00E00181 /* PBXTargetDependency */,
			);
			name = SSFree;
			productName = SSFree;
			productReference = 275E3444235DA97600413056 /* SSFree.app */;
			productType = "com.apple.product-type.application";
		};
		275E345E235DA9EB00413056 /* PacketTunnel */ = {
			isa = PBXNativeTarget;
			buildConfigurationList = 275E3468235DA9EB00413056 /* Build configuration list for PBXNativeTarget "PacketTunnel" */;
			buildPhases = (
				275E345B235DA9EB00413056 /* Sources */,
				275E345C235DA9EB00413056 /* Frameworks */,
				275E345D235DA9EB00413056 /* Resources */,
			);
			buildRules = (
			);
			dependencies = (
			);
			name = PacketTunnel;
			productName = PacketTunnel;
			productReference = 275E345F235DA9EB00413056 /* PacketTunnel.appex */;
			productType = "com.apple.product-type.app-extension";
		};
/* End PBXNativeTarget section */

/* Begin PBXProject section */
		275E343C235DA97600413056 /* Project object */ = {
			isa = PBXProject;
			attributes = {
				LastSwiftUpdateCheck = 1110;
				LastUpgradeCheck = 1130;
				ORGANIZATIONNAME = "Ning Li";
				TargetAttributes = {
					27301864235ECC9B00E00181 = {
						CreatedOnToolsVersion = 11.1;
					};
					275E3443235DA97600413056 = {
						CreatedOnToolsVersion = 11.1;
						LastSwiftMigration = 1130;
					};
					275E345E235DA9EB00413056 = {
						CreatedOnToolsVersion = 11.1;
					};
				};
			};
			buildConfigurationList = 275E343F235DA97600413056 /* Build configuration list for PBXProject "SSFree" */;
			compatibilityVersion = "Xcode 9.3";
			developmentRegion = en;
			hasScannedForEncodings = 0;
			knownRegions = (
				en,
				Base,
			);
			mainGroup = 275E343B235DA97600413056;
			productRefGroup = 275E3445235DA97600413056 /* Products */;
			projectDirPath = "";
			projectRoot = "";
			targets = (
				275E3443235DA97600413056 /* SSFree */,
				275E345E235DA9EB00413056 /* PacketTunnel */,
				27301864235ECC9B00E00181 /* SSWidget */,
			);
		};
/* End PBXProject section */

/* Begin PBXResourcesBuildPhase section */
		27301863235ECC9B00E00181 /* Resources */ = {
			isa = PBXResourcesBuildPhase;
			buildActionMask = 2147483647;
			files = (
				275D64FC235EF0BB00C21081 /* Assest.xcassets in Resources */,
				27301878235ED38800E00181 /* NEKitRule.conf in Resources */,
				2730186D235ECC9B00E00181 /* MainInterface.storyboard in Resources */,
			);
			runOnlyForDeploymentPostprocessing = 0;
		};
		275E3442235DA97600413056 /* Resources */ = {
			isa = PBXResourcesBuildPhase;
			buildActionMask = 2147483647;
			files = (
				275E3454235DA97900413056 /* LaunchScreen.storyboard in Resources */,
				270494A523B48D7500B5D431 /* scan.m4a in Resources */,
				275D64FE235EF77C00C21081 /* animation.json in Resources */,
				275E34A8235E891A00413056 /* NEKitRule.conf in Resources */,
				27A8047123A8D08300DE6FED /* SSEncryptionTypeCell.xib in Resources */,
				275E3451235DA97900413056 /* Assets.xcassets in Resources */,
				2788D18123A9B0A700AF2091 /* SSRouteCell.xib in Resources */,
				275E344F235DA97600413056 /* Main.storyboard in Resources */,
				279E01B223A8C88700C7FF3C /* EncryptionType.plist in Resources */,
			);
			runOnlyForDeploymentPostprocessing = 0;
		};
		275E345D235DA9EB00413056 /* Resources */ = {
			isa = PBXResourcesBuildPhase;
			buildActionMask = 2147483647;
			files = (
			);
			runOnlyForDeploymentPostprocessing = 0;
		};
/* End PBXResourcesBuildPhase section */

/* Begin PBXSourcesBuildPhase section */
		27301861235ECC9B00E00181 /* Sources */ = {
			isa = PBXSourcesBuildPhase;
			buildActionMask = 2147483647;
			files = (
				2776741923B2005B003898AC /* SSRouteModel.swift in Sources */,
				27301877235ECF0900E00181 /* SSVPNManager.swift in Sources */,
				2730186A235ECC9B00E00181 /* TodayViewController.swift in Sources */,
			);
			runOnlyForDeploymentPostprocessing = 0;
		};
		275E3440235DA97600413056 /* Sources */ = {
			isa = PBXSourcesBuildPhase;
			buildActionMask = 2147483647;
			files = (
				270494A323B461CE00B5D431 /* SSScanQRCodeHelperTool.swift in Sources */,
				275E344C235DA97600413056 /* ViewController.swift in Sources */,
				2788D18023A9B0A700AF2091 /* SSRouteCell.swift in Sources */,
				279E01B423A8C8F100C7FF3C /* SSChooseEncryptionTypeController.swift in Sources */,
				275E3448235DA97600413056 /* AppDelegate.swift in Sources */,
				2704949F23B4611400B5D431 /* SSScanQRCodeController.swift in Sources */,
				270494A123B4615500B5D431 /* SSScanQRCodeView.swift in Sources */,
				275E34A6235DAF3F00413056 /* SSVPNManager.swift in Sources */,
				2704949723B451AB00B5D431 /* SSPopoverTableView.swift in Sources */,
				271C8A1223A8BF1D008B7EAD /* SSAddRouteController.swift in Sources */,
				2704949923B4531800B5D431 /* SSPopoverView.swift in Sources */,
				27A8046D23A8CF7300DE6FED /* SSRouteModel.swift in Sources */,
				279CDE5D23A8B7DF005C68EC /* SSRouteListController.swift in Sources */,
				275884F023B2050200CE6B0F /* SSEditRouteController.swift in Sources */,
				275E344A235DA97600413056 /* SceneDelegate.swift in Sources */,
				27A8047023A8D08300DE6FED /* SSEncryptionTypeCell.swift in Sources */,
				279E01B023A8C28100C7FF3C /* CustomNavigationController.swift in Sources */,
				279E01B723A8C97E00C7FF3C /* SSEncryptionTypeModel.swift in Sources */,
			);
			runOnlyForDeploymentPostprocessing = 0;
		};
		275E345B235DA9EB00413056 /* Sources */ = {
			isa = PBXSourcesBuildPhase;
			buildActionMask = 2147483647;
			files = (
				275E3462235DA9EB00413056 /* PacketTunnelProvider.swift in Sources */,
			);
			runOnlyForDeploymentPostprocessing = 0;
		};
/* End PBXSourcesBuildPhase section */

/* Begin PBXTargetDependency section */
		27301870235ECC9B00E00181 /* PBXTargetDependency */ = {
			isa = PBXTargetDependency;
			target = 27301864235ECC9B00E00181 /* SSWidget */;
			targetProxy = 2730186F235ECC9B00E00181 /* PBXContainerItemProxy */;
		};
		275E3466235DA9EB00413056 /* PBXTargetDependency */ = {
			isa = PBXTargetDependency;
			target = 275E345E235DA9EB00413056 /* PacketTunnel */;
			targetProxy = 275E3465235DA9EB00413056 /* PBXContainerItemProxy */;
		};
/* End PBXTargetDependency section */

/* Begin PBXVariantGroup section */
		2730186B235ECC9B00E00181 /* MainInterface.storyboard */ = {
			isa = PBXVariantGroup;
			children = (
				2730186C235ECC9B00E00181 /* Base */,
			);
			name = MainInterface.storyboard;
			sourceTree = "<group>";
		};
		275E344D235DA97600413056 /* Main.storyboard */ = {
			isa = PBXVariantGroup;
			children = (
				275E344E235DA97600413056 /* Base */,
			);
			name = Main.storyboard;
			sourceTree = "<group>";
		};
		275E3452235DA97900413056 /* LaunchScreen.storyboard */ = {
			isa = PBXVariantGroup;
			children = (
				275E3453235DA97900413056 /* Base */,
			);
			name = LaunchScreen.storyboard;
			sourceTree = "<group>";
		};
/* End PBXVariantGroup section */

/* Begin XCBuildConfiguration section */
		27301873235ECC9B00E00181 /* Debug */ = {
			isa = XCBuildConfiguration;
			buildSettings = {
				CODE_SIGN_ENTITLEMENTS = SSWidget/SSWidget.entitlements;
				CODE_SIGN_STYLE = Automatic;
				CURRENT_PROJECT_VERSION = 1;
				DEVELOPMENT_TEAM = 898932UN9T;
				ENABLE_BITCODE = NO;
				FRAMEWORK_SEARCH_PATHS = (
					"$(inherited)",
					"$(PROJECT_DIR)/Carthage/Build/iOS",
				);
				INFOPLIST_FILE = SSWidget/Info.plist;
				IPHONEOS_DEPLOYMENT_TARGET = 13.0;
				LD_RUNPATH_SEARCH_PATHS = (
					"$(inherited)",
					"@executable_path/Frameworks",
					"@executable_path/../../Frameworks",
				);
				MARKETING_VERSION = 1.1;
				PRODUCT_BUNDLE_IDENTIFIER = com.ssfree.SSWidget;
				PRODUCT_NAME = Ladder;
				SKIP_INSTALL = YES;
				SWIFT_VERSION = 5.0;
				TARGETED_DEVICE_FAMILY = "1,2";
			};
			name = Debug;
		};
		27301874235ECC9B00E00181 /* Release */ = {
			isa = XCBuildConfiguration;
			buildSettings = {
				CODE_SIGN_ENTITLEMENTS = SSWidget/SSWidget.entitlements;
				CODE_SIGN_STYLE = Automatic;
				CURRENT_PROJECT_VERSION = 1;
				DEVELOPMENT_TEAM = 898932UN9T;
				ENABLE_BITCODE = NO;
				FRAMEWORK_SEARCH_PATHS = (
					"$(inherited)",
					"$(PROJECT_DIR)/Carthage/Build/iOS",
				);
				INFOPLIST_FILE = SSWidget/Info.plist;
				IPHONEOS_DEPLOYMENT_TARGET = 13.0;
				LD_RUNPATH_SEARCH_PATHS = (
					"$(inherited)",
					"@executable_path/Frameworks",
					"@executable_path/../../Frameworks",
				);
				MARKETING_VERSION = 1.1;
				PRODUCT_BUNDLE_IDENTIFIER = com.ssfree.SSWidget;
				PRODUCT_NAME = Ladder;
				SKIP_INSTALL = YES;
				SWIFT_VERSION = 5.0;
				TARGETED_DEVICE_FAMILY = "1,2";
			};
			name = Release;
		};
		275E3456235DA97900413056 /* Debug */ = {
			isa = XCBuildConfiguration;
			buildSettings = {
				ALWAYS_SEARCH_USER_PATHS = NO;
				CLANG_ANALYZER_NONNULL = YES;
				CLANG_ANALYZER_NUMBER_OBJECT_CONVERSION = YES_AGGRESSIVE;
				CLANG_CXX_LANGUAGE_STANDARD = "gnu++14";
				CLANG_CXX_LIBRARY = "libc++";
				CLANG_ENABLE_MODULES = YES;
				CLANG_ENABLE_OBJC_ARC = YES;
				CLANG_ENABLE_OBJC_WEAK = YES;
				CLANG_WARN_BLOCK_CAPTURE_AUTORELEASING = YES;
				CLANG_WARN_BOOL_CONVERSION = YES;
				CLANG_WARN_COMMA = YES;
				CLANG_WARN_CONSTANT_CONVERSION = YES;
				CLANG_WARN_DEPRECATED_OBJC_IMPLEMENTATIONS = YES;
				CLANG_WARN_DIRECT_OBJC_ISA_USAGE = YES_ERROR;
				CLANG_WARN_DOCUMENTATION_COMMENTS = YES;
				CLANG_WARN_EMPTY_BODY = YES;
				CLANG_WARN_ENUM_CONVERSION = YES;
				CLANG_WARN_INFINITE_RECURSION = YES;
				CLANG_WARN_INT_CONVERSION = YES;
				CLANG_WARN_NON_LITERAL_NULL_CONVERSION = YES;
				CLANG_WARN_OBJC_IMPLICIT_RETAIN_SELF = YES;
				CLANG_WARN_OBJC_LITERAL_CONVERSION = YES;
				CLANG_WARN_OBJC_ROOT_CLASS = YES_ERROR;
				CLANG_WARN_RANGE_LOOP_ANALYSIS = YES;
				CLANG_WARN_STRICT_PROTOTYPES = YES;
				CLANG_WARN_SUSPICIOUS_MOVE = YES;
				CLANG_WARN_UNGUARDED_AVAILABILITY = YES_AGGRESSIVE;
				CLANG_WARN_UNREACHABLE_CODE = YES;
				CLANG_WARN__DUPLICATE_METHOD_MATCH = YES;
				COPY_PHASE_STRIP = NO;
				DEBUG_INFORMATION_FORMAT = dwarf;
				ENABLE_STRICT_OBJC_MSGSEND = YES;
				ENABLE_TESTABILITY = YES;
				GCC_C_LANGUAGE_STANDARD = gnu11;
				GCC_DYNAMIC_NO_PIC = NO;
				GCC_NO_COMMON_BLOCKS = YES;
				GCC_OPTIMIZATION_LEVEL = 0;
				GCC_PREPROCESSOR_DEFINITIONS = (
					"DEBUG=1",
					"$(inherited)",
				);
				GCC_WARN_64_TO_32_BIT_CONVERSION = YES;
				GCC_WARN_ABOUT_RETURN_TYPE = YES_ERROR;
				GCC_WARN_UNDECLARED_SELECTOR = YES;
				GCC_WARN_UNINITIALIZED_AUTOS = YES_AGGRESSIVE;
				GCC_WARN_UNUSED_FUNCTION = YES;
				GCC_WARN_UNUSED_VARIABLE = YES;
				IPHONEOS_DEPLOYMENT_TARGET = 13.0;
				MTL_ENABLE_DEBUG_INFO = INCLUDE_SOURCE;
				MTL_FAST_MATH = YES;
				ONLY_ACTIVE_ARCH = YES;
				SDKROOT = iphoneos;
				SWIFT_ACTIVE_COMPILATION_CONDITIONS = DEBUG;
				SWIFT_OPTIMIZATION_LEVEL = "-Onone";
				SWIFT_VERSION = 5.0;
			};
			name = Debug;
		};
		275E3457235DA97900413056 /* Release */ = {
			isa = XCBuildConfiguration;
			buildSettings = {
				ALWAYS_SEARCH_USER_PATHS = NO;
				CLANG_ANALYZER_NONNULL = YES;
				CLANG_ANALYZER_NUMBER_OBJECT_CONVERSION = YES_AGGRESSIVE;
				CLANG_CXX_LANGUAGE_STANDARD = "gnu++14";
				CLANG_CXX_LIBRARY = "libc++";
				CLANG_ENABLE_MODULES = YES;
				CLANG_ENABLE_OBJC_ARC = YES;
				CLANG_ENABLE_OBJC_WEAK = YES;
				CLANG_WARN_BLOCK_CAPTURE_AUTORELEASING = YES;
				CLANG_WARN_BOOL_CONVERSION = YES;
				CLANG_WARN_COMMA = YES;
				CLANG_WARN_CONSTANT_CONVERSION = YES;
				CLANG_WARN_DEPRECATED_OBJC_IMPLEMENTATIONS = YES;
				CLANG_WARN_DIRECT_OBJC_ISA_USAGE = YES_ERROR;
				CLANG_WARN_DOCUMENTATION_COMMENTS = YES;
				CLANG_WARN_EMPTY_BODY = YES;
				CLANG_WARN_ENUM_CONVERSION = YES;
				CLANG_WARN_INFINITE_RECURSION = YES;
				CLANG_WARN_INT_CONVERSION = YES;
				CLANG_WARN_NON_LITERAL_NULL_CONVERSION = YES;
				CLANG_WARN_OBJC_IMPLICIT_RETAIN_SELF = YES;
				CLANG_WARN_OBJC_LITERAL_CONVERSION = YES;
				CLANG_WARN_OBJC_ROOT_CLASS = YES_ERROR;
				CLANG_WARN_RANGE_LOOP_ANALYSIS = YES;
				CLANG_WARN_STRICT_PROTOTYPES = YES;
				CLANG_WARN_SUSPICIOUS_MOVE = YES;
				CLANG_WARN_UNGUARDED_AVAILABILITY = YES_AGGRESSIVE;
				CLANG_WARN_UNREACHABLE_CODE = YES;
				CLANG_WARN__DUPLICATE_METHOD_MATCH = YES;
				COPY_PHASE_STRIP = NO;
				DEBUG_INFORMATION_FORMAT = "dwarf-with-dsym";
				ENABLE_NS_ASSERTIONS = NO;
				ENABLE_STRICT_OBJC_MSGSEND = YES;
				GCC_C_LANGUAGE_STANDARD = gnu11;
				GCC_NO_COMMON_BLOCKS = YES;
				GCC_WARN_64_TO_32_BIT_CONVERSION = YES;
				GCC_WARN_ABOUT_RETURN_TYPE = YES_ERROR;
				GCC_WARN_UNDECLARED_SELECTOR = YES;
				GCC_WARN_UNINITIALIZED_AUTOS = YES_AGGRESSIVE;
				GCC_WARN_UNUSED_FUNCTION = YES;
				GCC_WARN_UNUSED_VARIABLE = YES;
				IPHONEOS_DEPLOYMENT_TARGET = 13.0;
				MTL_ENABLE_DEBUG_INFO = NO;
				MTL_FAST_MATH = YES;
				SDKROOT = iphoneos;
				SWIFT_COMPILATION_MODE = wholemodule;
				SWIFT_OPTIMIZATION_LEVEL = "-O";
				SWIFT_VERSION = 5.0;
				VALIDATE_PRODUCT = YES;
			};
			name = Release;
		};
		275E3459235DA97900413056 /* Debug */ = {
			isa = XCBuildConfiguration;
			buildSettings = {
				ALWAYS_EMBED_SWIFT_STANDARD_LIBRARIES = YES;
				ASSETCATALOG_COMPILER_APPICON_NAME = AppIcon;
				CLANG_ENABLE_MODULES = YES;
				CODE_SIGN_ENTITLEMENTS = SSFree/SSFree.entitlements;
				CODE_SIGN_STYLE = Automatic;
				CURRENT_PROJECT_VERSION = 5;
				DEVELOPMENT_TEAM = 898932UN9T;
				ENABLE_BITCODE = NO;
				FRAMEWORK_SEARCH_PATHS = (
					"$(inherited)",
					"$(PROJECT_DIR)/Carthage/Build/iOS",
					"$(PROJECT_DIR)/SSFree",
				);
				INFOPLIST_FILE = SSFree/Info.plist;
				IPHONEOS_DEPLOYMENT_TARGET = 13.0;
				LD_RUNPATH_SEARCH_PATHS = (
					"$(inherited)",
					"@executable_path/Frameworks",
				);
				MARKETING_VERSION = 1.0.2;
				OTHER_LDFLAGS = "";
				PRODUCT_BUNDLE_IDENTIFIER = com.ssfree;
				PRODUCT_NAME = SSFree;
				SWIFT_OBJC_BRIDGING_HEADER = "";
				SWIFT_OPTIMIZATION_LEVEL = "-Onone";
				SWIFT_VERSION = 5.0;
				TARGETED_DEVICE_FAMILY = "1,2";
			};
			name = Debug;
		};
		275E345A235DA97900413056 /* Release */ = {
			isa = XCBuildConfiguration;
			buildSettings = {
				ALWAYS_EMBED_SWIFT_STANDARD_LIBRARIES = YES;
				ASSETCATALOG_COMPILER_APPICON_NAME = AppIcon;
				CLANG_ENABLE_MODULES = YES;
				CODE_SIGN_ENTITLEMENTS = SSFree/SSFree.entitlements;
				CODE_SIGN_STYLE = Automatic;
				CURRENT_PROJECT_VERSION = 5;
				DEVELOPMENT_TEAM = 898932UN9T;
				ENABLE_BITCODE = NO;
				FRAMEWORK_SEARCH_PATHS = (
					"$(inherited)",
					"$(PROJECT_DIR)/Carthage/Build/iOS",
					"$(PROJECT_DIR)/SSFree",
				);
				INFOPLIST_FILE = SSFree/Info.plist;
				IPHONEOS_DEPLOYMENT_TARGET = 13.0;
				LD_RUNPATH_SEARCH_PATHS = (
					"$(inherited)",
					"@executable_path/Frameworks",
				);
				MARKETING_VERSION = 1.0.2;
				PRODUCT_BUNDLE_IDENTIFIER = com.ssfree;
				PRODUCT_NAME = SSFree;
				SWIFT_OBJC_BRIDGING_HEADER = "";
				SWIFT_VERSION = 5.0;
				TARGETED_DEVICE_FAMILY = "1,2";
			};
			name = Release;
		};
		275E3469235DA9EB00413056 /* Debug */ = {
			isa = XCBuildConfiguration;
			buildSettings = {
				CODE_SIGN_ENTITLEMENTS = PacketTunnel/PacketTunnel.entitlements;
				CODE_SIGN_STYLE = Automatic;
				DEVELOPMENT_TEAM = 898932UN9T;
				ENABLE_BITCODE = NO;
				FRAMEWORK_SEARCH_PATHS = (
					"$(inherited)",
					"$(PROJECT_DIR)/Carthage/Build/iOS",
				);
				INFOPLIST_FILE = PacketTunnel/Info.plist;
				IPHONEOS_DEPLOYMENT_TARGET = 13.0;
				LD_RUNPATH_SEARCH_PATHS = (
					"$(inherited)",
					"@executable_path/Frameworks",
					"@executable_path/../../Frameworks",
				);
				PRODUCT_BUNDLE_IDENTIFIER = com.ssfree.PacketTunnel;
				PRODUCT_NAME = "$(TARGET_NAME)";
				SKIP_INSTALL = YES;
				SWIFT_VERSION = 5.0;
				TARGETED_DEVICE_FAMILY = "1,2";
			};
			name = Debug;
		};
		275E346A235DA9EB00413056 /* Release */ = {
			isa = XCBuildConfiguration;
			buildSettings = {
				CODE_SIGN_ENTITLEMENTS = PacketTunnel/PacketTunnel.entitlements;
				CODE_SIGN_STYLE = Automatic;
				DEVELOPMENT_TEAM = 898932UN9T;
				ENABLE_BITCODE = NO;
				FRAMEWORK_SEARCH_PATHS = (
					"$(inherited)",
					"$(PROJECT_DIR)/Carthage/Build/iOS",
				);
				INFOPLIST_FILE = PacketTunnel/Info.plist;
				IPHONEOS_DEPLOYMENT_TARGET = 13.0;
				LD_RUNPATH_SEARCH_PATHS = (
					"$(inherited)",
					"@executable_path/Frameworks",
					"@executable_path/../../Frameworks",
				);
				PRODUCT_BUNDLE_IDENTIFIER = com.ssfree.PacketTunnel;
				PRODUCT_NAME = "$(TARGET_NAME)";
				SKIP_INSTALL = YES;
				SWIFT_VERSION = 5.0;
				TARGETED_DEVICE_FAMILY = "1,2";
			};
			name = Release;
		};
/* End XCBuildConfiguration section */

/* Begin XCConfigurationList section */
		27301872235ECC9B00E00181 /* Build configuration list for PBXNativeTarget "SSWidget" */ = {
			isa = XCConfigurationList;
			buildConfigurations = (
				27301873235ECC9B00E00181 /* Debug */,
				27301874235ECC9B00E00181 /* Release */,
			);
			defaultConfigurationIsVisible = 0;
			defaultConfigurationName = Release;
		};
		275E343F235DA97600413056 /* Build configuration list for PBXProject "SSFree" */ = {
			isa = XCConfigurationList;
			buildConfigurations = (
				275E3456235DA97900413056 /* Debug */,
				275E3457235DA97900413056 /* Release */,
			);
			defaultConfigurationIsVisible = 0;
			defaultConfigurationName = Release;
		};
		275E3458235DA97900413056 /* Build configuration list for PBXNativeTarget "SSFree" */ = {
			isa = XCConfigurationList;
			buildConfigurations = (
				275E3459235DA97900413056 /* Debug */,
				275E345A235DA97900413056 /* Release */,
			);
			defaultConfigurationIsVisible = 0;
			defaultConfigurationName = Release;
		};
		275E3468235DA9EB00413056 /* Build configuration list for PBXNativeTarget "PacketTunnel" */ = {
			isa = XCConfigurationList;
			buildConfigurations = (
				275E3469235DA9EB00413056 /* Debug */,
				275E346A235DA9EB00413056 /* Release */,
			);
			defaultConfigurationIsVisible = 0;
			defaultConfigurationName = Release;
		};
/* End XCConfigurationList section */
	};
	rootObject = 275E343C235DA97600413056 /* Project object */;
}
